// !$*UTF8*$!
{
	archiveVersion = 1;
	classes = {
	};
	objectVersion = 55;
	objects = {

/* Begin PBXBuildFile section */
		2457B409327BA2230C65C29F /* Pods_Pixie.framework in Frameworks */ = {isa = PBXBuildFile; fileRef = 837C9CD8B773CF214FF151EF /* Pods_Pixie.framework */; };
		AC35CE34294D35AA0038F6AC /* AppDelegate.swift in Sources */ = {isa = PBXBuildFile; fileRef = AC35CE33294D35AA0038F6AC /* AppDelegate.swift */; };
		AC35CE36294D35AA0038F6AC /* SceneDelegate.swift in Sources */ = {isa = PBXBuildFile; fileRef = AC35CE35294D35AA0038F6AC /* SceneDelegate.swift */; };
		AC35CE38294D35AA0038F6AC /* ViewController.swift in Sources */ = {isa = PBXBuildFile; fileRef = AC35CE37294D35AA0038F6AC /* ViewController.swift */; };
		AC35CE3B294D35AA0038F6AC /* Main.storyboard in Resources */ = {isa = PBXBuildFile; fileRef = AC35CE39294D35AA0038F6AC /* Main.storyboard */; };
		AC35CE3D294D35AB0038F6AC /* Assets.xcassets in Resources */ = {isa = PBXBuildFile; fileRef = AC35CE3C294D35AB0038F6AC /* Assets.xcassets */; };
		AC35CE40294D35AB0038F6AC /* LaunchScreen.storyboard in Resources */ = {isa = PBXBuildFile; fileRef = AC35CE3E294D35AB0038F6AC /* LaunchScreen.storyboard */; };
/* End PBXBuildFile section */

/* Begin PBXFileReference section */
		1392AC3A34D5123BE140A2AF /* Pods-Pixie.debug.xcconfig */ = {isa = PBXFileReference; includeInIndex = 1; lastKnownFileType = text.xcconfig; name = "Pods-Pixie.debug.xcconfig"; path = "Target Support Files/Pods-Pixie/Pods-Pixie.debug.xcconfig"; sourceTree = "<group>"; };
		837C9CD8B773CF214FF151EF /* Pods_Pixie.framework */ = {isa = PBXFileReference; explicitFileType = wrapper.framework; includeInIndex = 0; path = Pods_Pixie.framework; sourceTree = BUILT_PRODUCTS_DIR; };
		A8AF41113E9B4A3ECAE4C02A /* Pods-Pixie.release.xcconfig */ = {isa = PBXFileReference; includeInIndex = 1; lastKnownFileType = text.xcconfig; name = "Pods-Pixie.release.xcconfig"; path = "Target Support Files/Pods-Pixie/Pods-Pixie.release.xcconfig"; sourceTree = "<group>"; };
		AC35CE30294D35AA0038F6AC /* Pixie.app */ = {isa = PBXFileReference; explicitFileType = wrapper.application; includeInIndex = 0; path = Pixie.app; sourceTree = BUILT_PRODUCTS_DIR; };
		AC35CE33294D35AA0038F6AC /* AppDelegate.swift */ = {isa = PBXFileReference; lastKnownFileType = sourcecode.swift; path = AppDelegate.swift; sourceTree = "<group>"; };
		AC35CE35294D35AA0038F6AC /* SceneDelegate.swift */ = {isa = PBXFileReference; lastKnownFileType = sourcecode.swift; path = SceneDelegate.swift; sourceTree = "<group>"; };
		AC35CE37294D35AA0038F6AC /* ViewController.swift */ = {isa = PBXFileReference; lastKnownFileType = sourcecode.swift; path = ViewController.swift; sourceTree = "<group>"; };
		AC35CE3A294D35AA0038F6AC /* Base */ = {isa = PBXFileReference; lastKnownFileType = file.storyboard; name = Base; path = Base.lproj/Main.storyboard; sourceTree = "<group>"; };
		AC35CE3C294D35AB0038F6AC /* Assets.xcassets */ = {isa = PBXFileReference; lastKnownFileType = folder.assetcatalog; path = Assets.xcassets; sourceTree = "<group>"; };
		AC35CE3F294D35AB0038F6AC /* Base */ = {isa = PBXFileReference; lastKnownFileType = file.storyboard; name = Base; path = Base.lproj/LaunchScreen.storyboard; sourceTree = "<group>"; };
		AC35CE47294D3F0A0038F6AC /* Info.plist */ = {isa = PBXFileReference; lastKnownFileType = text.plist.xml; path = Info.plist; sourceTree = "<group>"; };
/* End PBXFileReference section */

/* Begin PBXFrameworksBuildPhase section */
		AC35CE2D294D35AA0038F6AC /* Frameworks */ = {
			isa = PBXFrameworksBuildPhase;
			buildActionMask = 2147483647;
			files = (
				2457B409327BA2230C65C29F /* Pods_Pixie.framework in Frameworks */,
			);
			runOnlyForDeploymentPostprocessing = 0;
		};
/* End PBXFrameworksBuildPhase section */

/* Begin PBXGroup section */
		29197E587E486EF3DD488DDA /* Frameworks */ = {
			isa = PBXGroup;
			children = (
				837C9CD8B773CF214FF151EF /* Pods_Pixie.framework */,
			);
			name = Frameworks;
			sourceTree = "<group>";
		};
		7C34A54ED3E265C85E2CFC5F /* Pods */ = {
			isa = PBXGroup;
			children = (
				1392AC3A34D5123BE140A2AF /* Pods-Pixie.debug.xcconfig */,
				A8AF41113E9B4A3ECAE4C02A /* Pods-Pixie.release.xcconfig */,
			);
			path = Pods;
			sourceTree = "<group>";
		};
		AC35CE27294D35A90038F6AC = {
			isa = PBXGroup;
			children = (
				AC35CE32294D35AA0038F6AC /* Pixie */,
				AC35CE31294D35AA0038F6AC /* Products */,
				7C34A54ED3E265C85E2CFC5F /* Pods */,
				29197E587E486EF3DD488DDA /* Frameworks */,
			);
			sourceTree = "<group>";
		};
		AC35CE31294D35AA0038F6AC /* Products */ = {
			isa = PBXGroup;
			children = (
				AC35CE30294D35AA0038F6AC /* Pixie.app */,
			);
			name = Products;
			sourceTree = "<group>";
		};
		AC35CE32294D35AA0038F6AC /* Pixie */ = {
			isa = PBXGroup;
			children = (
				AC35CE33294D35AA0038F6AC /* AppDelegate.swift */,
				AC35CE35294D35AA0038F6AC /* SceneDelegate.swift */,
				AC35CE37294D35AA0038F6AC /* ViewController.swift */,
				AC35CE39294D35AA0038F6AC /* Main.storyboard */,
				AC35CE3E294D35AB0038F6AC /* LaunchScreen.storyboard */,
				AC35CE3C294D35AB0038F6AC /* Assets.xcassets */,
				AC35CE47294D3F0A0038F6AC /* Info.plist */,
			);
			path = Pixie;
			sourceTree = "<group>";
		};
/* End PBXGroup section */

/* Begin PBXNativeTarget section */
		AC35CE2F294D35AA0038F6AC /* Pixie */ = {
			isa = PBXNativeTarget;
			buildConfigurationList = AC35CE44294D35AB0038F6AC /* Build configuration list for PBXNativeTarget "Pixie" */;
			buildPhases = (
				8B731E80603A6FDF8B3D557B /* [CP] Check Pods Manifest.lock */,
				AC35CE2C294D35AA0038F6AC /* Sources */,
				AC35CE2D294D35AA0038F6AC /* Frameworks */,
				AC35CE2E294D35AA0038F6AC /* Resources */,
				AC35CE4A294D48110038F6AC /* ShellScript */,
			);
			buildRules = (
			);
			dependencies = (
			);
			name = Pixie;
			productName = Pixie;
			productReference = AC35CE30294D35AA0038F6AC /* Pixie.app */;
			productType = "com.apple.product-type.application";
		};
/* End PBXNativeTarget section */

/* Begin PBXProject section */
		AC35CE28294D35A90038F6AC /* Project object */ = {
			isa = PBXProject;
			attributes = {
				BuildIndependentTargetsInParallel = 1;
				LastSwiftUpdateCheck = 1320;
				LastUpgradeCheck = 1320;
				TargetAttributes = {
					AC35CE2F294D35AA0038F6AC = {
						CreatedOnToolsVersion = 13.2.1;
					};
				};
			};
			buildConfigurationList = AC35CE2B294D35A90038F6AC /* Build configuration list for PBXProject "Pixie" */;
			compatibilityVersion = "Xcode 13.0";
			developmentRegion = en;
			hasScannedForEncodings = 0;
			knownRegions = (
				en,
				Base,
			);
			mainGroup = AC35CE27294D35A90038F6AC;
			productRefGroup = AC35CE31294D35AA0038F6AC /* Products */;
			projectDirPath = "";
			projectRoot = "";
			targets = (
				AC35CE2F294D35AA0038F6AC /* Pixie */,
			);
		};
/* End PBXProject section */

/* Begin PBXResourcesBuildPhase section */
		AC35CE2E294D35AA0038F6AC /* Resources */ = {
			isa = PBXResourcesBuildPhase;
			buildActionMask = 2147483647;
			files = (
				AC35CE40294D35AB0038F6AC /* LaunchScreen.storyboard in Resources */,
				AC35CE3D294D35AB0038F6AC /* Assets.xcassets in Resources */,
				AC35CE3B294D35AA0038F6AC /* Main.storyboard in Resources */,
			);
			runOnlyForDeploymentPostprocessing = 0;
		};
/* End PBXResourcesBuildPhase section */

/* Begin PBXShellScriptBuildPhase section */
		8B731E80603A6FDF8B3D557B /* [CP] Check Pods Manifest.lock */ = {
			isa = PBXShellScriptBuildPhase;
			buildActionMask = 2147483647;
			files = (
			);
			inputFileListPaths = (
			);
			inputPaths = (
				"${PODS_PODFILE_DIR_PATH}/Podfile.lock",
				"${PODS_ROOT}/Manifest.lock",
			);
			name = "[CP] Check Pods Manifest.lock";
			outputFileListPaths = (
			);
			outputPaths = (
				"$(DERIVED_FILE_DIR)/Pods-Pixie-checkManifestLockResult.txt",
			);
			runOnlyForDeploymentPostprocessing = 0;
			shellPath = /bin/sh;
			shellScript = "diff \"${PODS_PODFILE_DIR_PATH}/Podfile.lock\" \"${PODS_ROOT}/Manifest.lock\" > /dev/null\nif [ $? != 0 ] ; then\n    # print error to STDERR\n    echo \"error: The sandbox is not in sync with the Podfile.lock. Run 'pod install' or update your CocoaPods installation.\" >&2\n    exit 1\nfi\n# This output is used by Xcode 'outputs' to avoid re-running this script phase.\necho \"SUCCESS\" > \"${SCRIPT_OUTPUT_FILE_0}\"\n";
			showEnvVarsInLog = 0;
		};
		AC35CE4A294D48110038F6AC /* ShellScript */ = {
			isa = PBXShellScriptBuildPhase;
			buildActionMask = 2147483647;
			files = (
			);
			inputFileListPaths = (
			);
			inputPaths = (
			);
			outputFileListPaths = (
			);
			outputPaths = (
			);
			runOnlyForDeploymentPostprocessing = 0;
			shellPath = /bin/sh;
			shellScript = "${PODS_ROOT}/SwiftLint/swiftlint\n";
		};
/* End PBXShellScriptBuildPhase section */

/* Begin PBXSourcesBuildPhase section */
		AC35CE2C294D35AA0038F6AC /* Sources */ = {
			isa = PBXSourcesBuildPhase;
			buildActionMask = 2147483647;
			files = (
				AC35CE38294D35AA0038F6AC /* ViewController.swift in Sources */,
				AC35CE34294D35AA0038F6AC /* AppDelegate.swift in Sources */,
				AC35CE36294D35AA0038F6AC /* SceneDelegate.swift in Sources */,
			);
			runOnlyForDeploymentPostprocessing = 0;
		};
/* End PBXSourcesBuildPhase section */

/* Begin PBXVariantGroup section */
		AC35CE39294D35AA0038F6AC /* Main.storyboard */ = {
			isa = PBXVariantGroup;
			children = (
				AC35CE3A294D35AA0038F6AC /* Base */,
			);
			name = Main.storyboard;
			sourceTree = "<group>";
		};
		AC35CE3E294D35AB0038F6AC /* LaunchScreen.storyboard */ = {
			isa = PBXVariantGroup;
			children = (
				AC35CE3F294D35AB0038F6AC /* Base */,
			);
			name = LaunchScreen.storyboard;
			sourceTree = "<group>";
		};
/* End PBXVariantGroup section */

/* Begin XCBuildConfiguration section */
		AC35CE42294D35AB0038F6AC /* Debug */ = {
			isa = XCBuildConfiguration;
			buildSettings = {
				ALWAYS_SEARCH_USER_PATHS = NO;
				CLANG_ANALYZER_NONNULL = YES;
				CLANG_ANALYZER_NUMBER_OBJECT_CONVERSION = YES_AGGRESSIVE;
				CLANG_CXX_LANGUAGE_STANDARD = "gnu++17";
				CLANG_CXX_LIBRARY = "libc++";
				CLANG_ENABLE_MODULES = YES;
				CLANG_ENABLE_OBJC_ARC = YES;
				CLANG_ENABLE_OBJC_WEAK = YES;
				CLANG_WARN_BLOCK_CAPTURE_AUTORELEASING = YES;
				CLANG_WARN_BOOL_CONVERSION = YES;
				CLANG_WARN_COMMA = YES;
				CLANG_WARN_CONSTANT_CONVERSION = YES;
				CLANG_WARN_DEPRECATED_OBJC_IMPLEMENTATIONS = YES;
				CLANG_WARN_DIRECT_OBJC_ISA_USAGE = YES_ERROR;
				CLANG_WARN_DOCUMENTATION_COMMENTS = YES;
				CLANG_WARN_EMPTY_BODY = YES;
				CLANG_WARN_ENUM_CONVERSION = YES;
				CLANG_WARN_INFINITE_RECURSION = YES;
				CLANG_WARN_INT_CONVERSION = YES;
				CLANG_WARN_NON_LITERAL_NULL_CONVERSION = YES;
				CLANG_WARN_OBJC_IMPLICIT_RETAIN_SELF = YES;
				CLANG_WARN_OBJC_LITERAL_CONVERSION = YES;
				CLANG_WARN_OBJC_ROOT_CLASS = YES_ERROR;
				CLANG_WARN_QUOTED_INCLUDE_IN_FRAMEWORK_HEADER = YES;
				CLANG_WARN_RANGE_LOOP_ANALYSIS = YES;
				CLANG_WARN_STRICT_PROTOTYPES = YES;
				CLANG_WARN_SUSPICIOUS_MOVE = YES;
				CLANG_WARN_UNGUARDED_AVAILABILITY = YES_AGGRESSIVE;
				CLANG_WARN_UNREACHABLE_CODE = YES;
				CLANG_WARN__DUPLICATE_METHOD_MATCH = YES;
				COPY_PHASE_STRIP = NO;
				DEBUG_INFORMATION_FORMAT = dwarf;
				ENABLE_STRICT_OBJC_MSGSEND = YES;
				ENABLE_TESTABILITY = YES;
				GCC_C_LANGUAGE_STANDARD = gnu11;
				GCC_DYNAMIC_NO_PIC = NO;
				GCC_NO_COMMON_BLOCKS = YES;
				GCC_OPTIMIZATION_LEVEL = 0;
				GCC_PREPROCESSOR_DEFINITIONS = (
					"DEBUG=1",
					"$(inherited)",
				);
				GCC_WARN_64_TO_32_BIT_CONVERSION = YES;
				GCC_WARN_ABOUT_RETURN_TYPE = YES_ERROR;
				GCC_WARN_UNDECLARED_SELECTOR = YES;
				GCC_WARN_UNINITIALIZED_AUTOS = YES_AGGRESSIVE;
				GCC_WARN_UNUSED_FUNCTION = YES;
				GCC_WARN_UNUSED_VARIABLE = YES;
				IPHONEOS_DEPLOYMENT_TARGET = 15.0;
				MTL_ENABLE_DEBUG_INFO = INCLUDE_SOURCE;
				MTL_FAST_MATH = YES;
				ONLY_ACTIVE_ARCH = YES;
				SDKROOT = iphoneos;
				SWIFT_ACTIVE_COMPILATION_CONDITIONS = DEBUG;
				SWIFT_OPTIMIZATION_LEVEL = "-Onone";
			};
			name = Debug;
		};
		AC35CE43294D35AB0038F6AC /* Release */ = {
			isa = XCBuildConfiguration;
			buildSettings = {
				ALWAYS_SEARCH_USER_PATHS = NO;
				CLANG_ANALYZER_NONNULL = YES;
				CLANG_ANALYZER_NUMBER_OBJECT_CONVERSION = YES_AGGRESSIVE;
				CLANG_CXX_LANGUAGE_STANDARD = "gnu++17";
				CLANG_CXX_LIBRARY = "libc++";
				CLANG_ENABLE_MODULES = YES;
				CLANG_ENABLE_OBJC_ARC = YES;
				CLANG_ENABLE_OBJC_WEAK = YES;
				CLANG_WARN_BLOCK_CAPTURE_AUTORELEASING = YES;
				CLANG_WARN_BOOL_CONVERSION = YES;
				CLANG_WARN_COMMA = YES;
				CLANG_WARN_CONSTANT_CONVERSION = YES;
				CLANG_WARN_DEPRECATED_OBJC_IMPLEMENTATIONS = YES;
				CLANG_WARN_DIRECT_OBJC_ISA_USAGE = YES_ERROR;
				CLANG_WARN_DOCUMENTATION_COMMENTS = YES;
				CLANG_WARN_EMPTY_BODY = YES;
				CLANG_WARN_ENUM_CONVERSION = YES;
				CLANG_WARN_INFINITE_RECURSION = YES;
				CLANG_WARN_INT_CONVERSION = YES;
				CLANG_WARN_NON_LITERAL_NULL_CONVERSION = YES;
				CLANG_WARN_OBJC_IMPLICIT_RETAIN_SELF = YES;
				CLANG_WARN_OBJC_LITERAL_CONVERSION = YES;
				CLANG_WARN_OBJC_ROOT_CLASS = YES_ERROR;
				CLANG_WARN_QUOTED_INCLUDE_IN_FRAMEWORK_HEADER = YES;
				CLANG_WARN_RANGE_LOOP_ANALYSIS = YES;
				CLANG_WARN_STRICT_PROTOTYPES = YES;
				CLANG_WARN_SUSPICIOUS_MOVE = YES;
				CLANG_WARN_UNGUARDED_AVAILABILITY = YES_AGGRESSIVE;
				CLANG_WARN_UNREACHABLE_CODE = YES;
				CLANG_WARN__DUPLICATE_METHOD_MATCH = YES;
				COPY_PHASE_STRIP = NO;
				DEBUG_INFORMATION_FORMAT = "dwarf-with-dsym";
				ENABLE_NS_ASSERTIONS = NO;
				ENABLE_STRICT_OBJC_MSGSEND = YES;
				GCC_C_LANGUAGE_STANDARD = gnu11;
				GCC_NO_COMMON_BLOCKS = YES;
				GCC_WARN_64_TO_32_BIT_CONVERSION = YES;
				GCC_WARN_ABOUT_RETURN_TYPE = YES_ERROR;
				GCC_WARN_UNDECLARED_SELECTOR = YES;
				GCC_WARN_UNINITIALIZED_AUTOS = YES_AGGRESSIVE;
				GCC_WARN_UNUSED_FUNCTION = YES;
				GCC_WARN_UNUSED_VARIABLE = YES;
				IPHONEOS_DEPLOYMENT_TARGET = 15.0;
				MTL_ENABLE_DEBUG_INFO = NO;
				MTL_FAST_MATH = YES;
				SDKROOT = iphoneos;
				SWIFT_COMPILATION_MODE = wholemodule;
				SWIFT_OPTIMIZATION_LEVEL = "-O";
				VALIDATE_PRODUCT = YES;
			};
			name = Release;
		};
		AC35CE45294D35AB0038F6AC /* Debug */ = {
			isa = XCBuildConfiguration;
			baseConfigurationReference = 1392AC3A34D5123BE140A2AF /* Pods-Pixie.debug.xcconfig */;
			buildSettings = {
				ASSETCATALOG_COMPILER_APPICON_NAME = AppIcon;
				ASSETCATALOG_COMPILER_GLOBAL_ACCENT_COLOR_NAME = AccentColor;
				CODE_SIGN_STYLE = Automatic;
				CURRENT_PROJECT_VERSION = 1;
				GENERATE_INFOPLIST_FILE = YES;
				INFOPLIST_FILE = Pixie/Info.plist;
				INFOPLIST_KEY_UIApplicationSupportsIndirectInputEvents = YES;
				INFOPLIST_KEY_UILaunchStoryboardName = LaunchScreen;
				INFOPLIST_KEY_UIMainStoryboardFile = Main;
				INFOPLIST_KEY_UISupportedInterfaceOrientations = UIInterfaceOrientationPortrait;
				INFOPLIST_KEY_UISupportedInterfaceOrientations_iPad = "UIInterfaceOrientationPortrait UIInterfaceOrientationPortraitUpsideDown UIInterfaceOrientationLandscapeLeft UIInterfaceOrientationLandscapeRight";
				INFOPLIST_KEY_UISupportedInterfaceOrientations_iPhone = "UIInterfaceOrientationPortrait UIInterfaceOrientationLandscapeLeft UIInterfaceOrientationLandscapeRight";
				IPHONEOS_DEPLOYMENT_TARGET = 15.0;
				LD_RUNPATH_SEARCH_PATHS = (
					"$(inherited)",
					"@executable_path/Frameworks",
				);
				MARKETING_VERSION = 1.0;
				PRODUCT_BUNDLE_IDENTIFIER = com.artem.Pixie;
				PRODUCT_NAME = "$(TARGET_NAME)";
				SWIFT_EMIT_LOC_STRINGS = YES;
				SWIFT_VERSION = 5.0;
				TARGETED_DEVICE_FAMILY = 1;
			};
			name = Debug;
		};
		AC35CE46294D35AB0038F6AC /* Release */ = {
			isa = XCBuildConfiguration;
			baseConfigurationReference = A8AF41113E9B4A3ECAE4C02A /* Pods-Pixie.release.xcconfig */;
			buildSettings = {
				ASSETCATALOG_COMPILER_APPICON_NAME = AppIcon;
				ASSETCATALOG_COMPILER_GLOBAL_ACCENT_COLOR_NAME = AccentColor;
				CODE_SIGN_STYLE = Automatic;
				CURRENT_PROJECT_VERSION = 1;
				GENERATE_INFOPLIST_FILE = YES;
				INFOPLIST_FILE = Pixie/Info.plist;
				INFOPLIST_KEY_UIApplicationSupportsIndirectInputEvents = YES;
				INFOPLIST_KEY_UILaunchStoryboardName = LaunchScreen;
				INFOPLIST_KEY_UIMainStoryboardFile = Main;
				INFOPLIST_KEY_UISupportedInterfaceOrientations = UIInterfaceOrientationPortrait;
				INFOPLIST_KEY_UISupportedInterfaceOrientations_iPad = "UIInterfaceOrientationPortrait UIInterfaceOrientationPortraitUpsideDown UIInterfaceOrientationLandscapeLeft UIInterfaceOrientationLandscapeRight";
				INFOPLIST_KEY_UISupportedInterfaceOrientations_iPhone = "UIInterfaceOrientationPortrait UIInterfaceOrientationLandscapeLeft UIInterfaceOrientationLandscapeRight";
				IPHONEOS_DEPLOYMENT_TARGET = 15.0;
				LD_RUNPATH_SEARCH_PATHS = (
					"$(inherited)",
					"@executable_path/Frameworks",
				);
				MARKETING_VERSION = 1.0;
				PRODUCT_BUNDLE_IDENTIFIER = com.artem.Pixie;
				PRODUCT_NAME = "$(TARGET_NAME)";
				SWIFT_EMIT_LOC_STRINGS = YES;
				SWIFT_VERSION = 5.0;
				TARGETED_DEVICE_FAMILY = 1;
			};
			name = Release;
		};
/* End XCBuildConfiguration section */

/* Begin XCConfigurationList section */
		AC35CE2B294D35A90038F6AC /* Build configuration list for PBXProject "Pixie" */ = {
			isa = XCConfigurationList;
			buildConfigurations = (
				AC35CE42294D35AB0038F6AC /* Debug */,
				AC35CE43294D35AB0038F6AC /* Release */,
			);
			defaultConfigurationIsVisible = 0;
			defaultConfigurationName = Release;
		};
		AC35CE44294D35AB0038F6AC /* Build configuration list for PBXNativeTarget "Pixie" */ = {
			isa = XCConfigurationList;
			buildConfigurations = (
				AC35CE45294D35AB0038F6AC /* Debug */,
				AC35CE46294D35AB0038F6AC /* Release */,
			);
			defaultConfigurationIsVisible = 0;
			defaultConfigurationName = Release;
		};
/* End XCConfigurationList section */
	};
	rootObject = AC35CE28294D35A90038F6AC /* Project object */;
}
